
Microsoft Visual Studio Solution File, Format Version 12.00
# Visual Studio Version 17
VisualStudioVersion = 17.11.35312.102
MinimumVisualStudioVersion = 10.0.40219.1
Project("{9A19103F-16F7-4668-BE54-9A1E7A4F7556}") = "TimeObserver", "TimeObserver\TimeObserver.csproj", "{0A2E7B04-7AEA-4ACC-94AA-417665B0E9B1}"
EndProject
Project("{FAE04EC0-301F-11D3-BF4B-00C04F79EFBC}") = "TimeObserver.Tests", "TimeObserver.Tests\TimeObserver.Tests.csproj", "{1B6B4673-96AA-4A22-AF05-0DDFCDAD2E8D}"
EndProject
Global
	GlobalSection(SolutionConfigurationPlatforms) = preSolution
		Debug|Any CPU = Debug|Any CPU
		Release|Any CPU = Release|Any CPU
	EndGlobalSection
	GlobalSection(ProjectConfigurationPlatforms) = postSolution
		{0A2E7B04-7AEA-4ACC-94AA-417665B0E9B1}.Debug|Any CPU.ActiveCfg = Debug|Any CPU
		{0A2E7B04-7AEA-4ACC-94AA-417665B0E9B1}.Debug|Any CPU.Build.0 = Debug|Any CPU
		{0A2E7B04-7AEA-4ACC-94AA-417665B0E9B1}.Release|Any CPU.ActiveCfg = Release|Any CPU
		{0A2E7B04-7AEA-4ACC-94AA-417665B0E9B1}.Release|Any CPU.Build.0 = Release|Any CPU
		{1B6B4673-96AA-4A22-AF05-0DDFCDAD2E8D}.Debug|Any CPU.ActiveCfg = Debug|Any CPU
		{1B6B4673-96AA-4A22-AF05-0DDFCDAD2E8D}.Debug|Any CPU.Build.0 = Debug|Any CPU
		{1B6B4673-96AA-4A22-AF05-0DDFCDAD2E8D}.Release|Any CPU.ActiveCfg = Release|Any CPU
		{1B6B4673-96AA-4A22-AF05-0DDFCDAD2E8D}.Release|Any CPU.Build.0 = Release|Any CPU
	EndGlobalSection
	GlobalSection(SolutionProperties) = preSolution
		HideSolutionNode = FALSE
	EndGlobalSection
	GlobalSection(ExtensibilityGlobals) = postSolution
		SolutionGuid = {1DC2ADB6-6D2B-4292-B0C4-CD5FF7D719B9}
	EndGlobalSection
EndGlobal
